
Microsoft Visual Studio Solution File, Format Version 12.00
# Visual Studio Version 16
VisualStudioVersion = 16.0.31613.86
MinimumVisualStudioVersion = 10.0.40219.1
Project("{FAE04EC0-301F-11D3-BF4B-00C04F79EFBC}") = "TemplateCRUD", "TemplateCRUD.csproj", "{04625A9A-6BD4-4A74-82B1-C622F3EF1299}"
EndProject
Global
	GlobalSection(SolutionConfigurationPlatforms) = preSolution
		Debug|Any CPU = Debug|Any CPU
		Release|Any CPU = Release|Any CPU
	EndGlobalSection
	GlobalSection(ProjectConfigurationPlatforms) = postSolution
		{04625A9A-6BD4-4A74-82B1-C622F3EF1299}.Debug|Any CPU.ActiveCfg = Debug|Any CPU
		{04625A9A-6BD4-4A74-82B1-C622F3EF1299}.Debug|Any CPU.Build.0 = Debug|Any CPU
		{04625A9A-6BD4-4A74-82B1-C622F3EF1299}.Release|Any CPU.ActiveCfg = Release|Any CPU
		{04625A9A-6BD4-4A74-82B1-C622F3EF1299}.Release|Any CPU.Build.0 = Release|Any CPU
	EndGlobalSection
	GlobalSection(SolutionProperties) = preSolution
		HideSolutionNode = FALSE
	EndGlobalSection
	GlobalSection(ExtensibilityGlobals) = postSolution
		SolutionGuid = {6F6C8961-95BE-4644-A7D8-CC038387C5D7}
	EndGlobalSection
EndGlobal
